
Microsoft Visual Studio Solution File, Format Version 12.00
# Visual Studio Version 17
VisualStudioVersion = 17.2.32516.85
MinimumVisualStudioVersion = 10.0.40219.1
Project("{9A19103F-16F7-4668-BE54-9A1E7A4F7556}") = "Domain", "Domain\Domain.csproj", "{3999DECF-DE0A-4AF1-B852-7994A3A82D16}"
EndProject
Project("{9A19103F-16F7-4668-BE54-9A1E7A4F7556}") = "Application", "Application\Application.csproj", "{08F232C3-19F6-41BB-AF27-141015A439CD}"
EndProject
Project("{9A19103F-16F7-4668-BE54-9A1E7A4F7556}") = "Infrastructure", "Infrastructure\Infrastructure.csproj", "{6B400E7B-7C8E-4A99-B071-5C58476FBADF}"
EndProject
Project("{9A19103F-16F7-4668-BE54-9A1E7A4F7556}") = "WebApi", "WebApi\WebApi.csproj", "{3A63973D-86BB-4935-A4C8-9C9D353AD38A}"
EndProject
Project("{FAE04EC0-301F-11D3-BF4B-00C04F79EFBC}") = "Presentation", "Presentation\Presentation.csproj", "{E06F2C4F-1074-4A23-B668-C708FEA35332}"
EndProject
Project("{2150E333-8FDC-42A3-9474-1A3956D46DE8}") = "Core", "Core", "{007D1476-8DEC-47D7-A27C-2A6D4BD02E46}"
EndProject
Project("{2150E333-8FDC-42A3-9474-1A3956D46DE8}") = "External", "External", "{938AEE75-A1F0-43E3-A64C-68CDBD67BC3B}"
EndProject
Global
	GlobalSection(SolutionConfigurationPlatforms) = preSolution
		Debug|Any CPU = Debug|Any CPU
		Release|Any CPU = Release|Any CPU
	EndGlobalSection
	GlobalSection(ProjectConfigurationPlatforms) = postSolution
		{3999DECF-DE0A-4AF1-B852-7994A3A82D16}.Debug|Any CPU.ActiveCfg = Debug|Any CPU
		{3999DECF-DE0A-4AF1-B852-7994A3A82D16}.Debug|Any CPU.Build.0 = Debug|Any CPU
		{3999DECF-DE0A-4AF1-B852-7994A3A82D16}.Release|Any CPU.ActiveCfg = Release|Any CPU
		{3999DECF-DE0A-4AF1-B852-7994A3A82D16}.Release|Any CPU.Build.0 = Release|Any CPU
		{08F232C3-19F6-41BB-AF27-141015A439CD}.Debug|Any CPU.ActiveCfg = Debug|Any CPU
		{08F232C3-19F6-41BB-AF27-141015A439CD}.Debug|Any CPU.Build.0 = Debug|Any CPU
		{08F232C3-19F6-41BB-AF27-141015A439CD}.Release|Any CPU.ActiveCfg = Release|Any CPU
		{08F232C3-19F6-41BB-AF27-141015A439CD}.Release|Any CPU.Build.0 = Release|Any CPU
		{6B400E7B-7C8E-4A99-B071-5C58476FBADF}.Debug|Any CPU.ActiveCfg = Debug|Any CPU
		{6B400E7B-7C8E-4A99-B071-5C58476FBADF}.Debug|Any CPU.Build.0 = Debug|Any CPU
		{6B400E7B-7C8E-4A99-B071-5C58476FBADF}.Release|Any CPU.ActiveCfg = Release|Any CPU
		{6B400E7B-7C8E-4A99-B071-5C58476FBADF}.Release|Any CPU.Build.0 = Release|Any CPU
		{3A63973D-86BB-4935-A4C8-9C9D353AD38A}.Debug|Any CPU.ActiveCfg = Debug|Any CPU
		{3A63973D-86BB-4935-A4C8-9C9D353AD38A}.Debug|Any CPU.Build.0 = Debug|Any CPU
		{3A63973D-86BB-4935-A4C8-9C9D353AD38A}.Release|Any CPU.ActiveCfg = Release|Any CPU
		{3A63973D-86BB-4935-A4C8-9C9D353AD38A}.Release|Any CPU.Build.0 = Release|Any CPU
		{E06F2C4F-1074-4A23-B668-C708FEA35332}.Debug|Any CPU.ActiveCfg = Debug|Any CPU
		{E06F2C4F-1074-4A23-B668-C708FEA35332}.Debug|Any CPU.Build.0 = Debug|Any CPU
		{E06F2C4F-1074-4A23-B668-C708FEA35332}.Release|Any CPU.ActiveCfg = Release|Any CPU
		{E06F2C4F-1074-4A23-B668-C708FEA35332}.Release|Any CPU.Build.0 = Release|Any CPU
	EndGlobalSection
	GlobalSection(SolutionProperties) = preSolution
		HideSolutionNode = FALSE
	EndGlobalSection
	GlobalSection(NestedProjects) = preSolution
		{3999DECF-DE0A-4AF1-B852-7994A3A82D16} = {007D1476-8DEC-47D7-A27C-2A6D4BD02E46}
		{08F232C3-19F6-41BB-AF27-141015A439CD} = {007D1476-8DEC-47D7-A27C-2A6D4BD02E46}
		{6B400E7B-7C8E-4A99-B071-5C58476FBADF} = {938AEE75-A1F0-43E3-A64C-68CDBD67BC3B}
		{3A63973D-86BB-4935-A4C8-9C9D353AD38A} = {938AEE75-A1F0-43E3-A64C-68CDBD67BC3B}
		{E06F2C4F-1074-4A23-B668-C708FEA35332} = {938AEE75-A1F0-43E3-A64C-68CDBD67BC3B}
	EndGlobalSection
	GlobalSection(ExtensibilityGlobals) = postSolution
		SolutionGuid = {9D39CEE1-AB53-4F8A-8A14-15C4D4736474}
	EndGlobalSection
EndGlobal
